
Microsoft Visual Studio Solution File, Format Version 12.00
# Visual Studio Version 16
VisualStudioVersion = 16.0.30114.105
MinimumVisualStudioVersion = 10.0.40219.1
Project("{FAE04EC0-301F-11D3-BF4B-00C04F79EFBC}") = "MangaLibrary.Api", "MangaLibrary.Api\MangaLibrary.Api.csproj", "{66AC7CBA-66B3-4D9D-8209-56F08A8D77A5}"
EndProject
Project("{FAE04EC0-301F-11D3-BF4B-00C04F79EFBC}") = "MangaLibrary.Client", "MangaLibrary.Client\MangaLibrary.Client.csproj", "{917C6177-68B1-4667-BFB7-6D6B2B5798D2}"
EndProject
Project("{FAE04EC0-301F-11D3-BF4B-00C04F79EFBC}") = "MangaLibrary.Shared", "MangaLibrary.Shared\MangaLibrary.Shared.csproj", "{DE12FD14-4B9A-4BC3-9139-7D0BC6BAB0DB}"
EndProject
Project("{2150E333-8FDC-42A3-9474-1A3956D46DE8}") = "Solution Items", "Solution Items", "{0A41D9F3-7964-478C-8CD2-7BD96BB118DB}"
	ProjectSection(SolutionItems) = preProject
		docker-compose.yml = docker-compose.yml
	EndProjectSection
EndProject
Global
	GlobalSection(SolutionConfigurationPlatforms) = preSolution
		Debug|Any CPU = Debug|Any CPU
		Release|Any CPU = Release|Any CPU
	EndGlobalSection
	GlobalSection(SolutionProperties) = preSolution
		HideSolutionNode = FALSE
	EndGlobalSection
	GlobalSection(ProjectConfigurationPlatforms) = postSolution
		{9CBEE364-202B-4CFA-BDAF-33C1414B4F0F}.Debug|Any CPU.ActiveCfg = Debug|Any CPU
		{9CBEE364-202B-4CFA-BDAF-33C1414B4F0F}.Debug|Any CPU.Build.0 = Debug|Any CPU
		{9CBEE364-202B-4CFA-BDAF-33C1414B4F0F}.Release|Any CPU.ActiveCfg = Release|Any CPU
		{9CBEE364-202B-4CFA-BDAF-33C1414B4F0F}.Release|Any CPU.Build.0 = Release|Any CPU
		{66AC7CBA-66B3-4D9D-8209-56F08A8D77A5}.Debug|Any CPU.ActiveCfg = Debug|Any CPU
		{66AC7CBA-66B3-4D9D-8209-56F08A8D77A5}.Debug|Any CPU.Build.0 = Debug|Any CPU
		{66AC7CBA-66B3-4D9D-8209-56F08A8D77A5}.Release|Any CPU.ActiveCfg = Release|Any CPU
		{66AC7CBA-66B3-4D9D-8209-56F08A8D77A5}.Release|Any CPU.Build.0 = Release|Any CPU
		{917C6177-68B1-4667-BFB7-6D6B2B5798D2}.Debug|Any CPU.ActiveCfg = Debug|Any CPU
		{917C6177-68B1-4667-BFB7-6D6B2B5798D2}.Debug|Any CPU.Build.0 = Debug|Any CPU
		{917C6177-68B1-4667-BFB7-6D6B2B5798D2}.Release|Any CPU.ActiveCfg = Release|Any CPU
		{917C6177-68B1-4667-BFB7-6D6B2B5798D2}.Release|Any CPU.Build.0 = Release|Any CPU
		{DE12FD14-4B9A-4BC3-9139-7D0BC6BAB0DB}.Debug|Any CPU.ActiveCfg = Debug|Any CPU
		{DE12FD14-4B9A-4BC3-9139-7D0BC6BAB0DB}.Debug|Any CPU.Build.0 = Debug|Any CPU
		{DE12FD14-4B9A-4BC3-9139-7D0BC6BAB0DB}.Release|Any CPU.ActiveCfg = Release|Any CPU
		{DE12FD14-4B9A-4BC3-9139-7D0BC6BAB0DB}.Release|Any CPU.Build.0 = Release|Any CPU
	EndGlobalSection
EndGlobal
