
Microsoft Visual Studio Solution File, Format Version 12.00
# Visual Studio Version 16
VisualStudioVersion = 16.0.30114.105
MinimumVisualStudioVersion = 10.0.40219.1
Project("{FAE04EC0-301F-11D3-BF4B-00C04F79EFBC}") = "MangaLibCore", "MangaLibCore\MangaLibCore.csproj", "{430D98E8-4CE2-4DE6-9A61-3BE9B46EA402}"
EndProject
Project("{FAE04EC0-301F-11D3-BF4B-00C04F79EFBC}") = "MangaLibLogic", "MangaLibLogic\MangaLibLogic.csproj", "{9CBEE364-202B-4CFA-BDAF-33C1414B4F0F}"
EndProject
Project("{FAE04EC0-301F-11D3-BF4B-00C04F79EFBC}") = "MangaLibApp", "MangaLibApp\MangaLibApp.csproj", "{FEA7058B-9777-48C7-B7D9-1E1A7B4475B8}"
EndProject
Project("{FAE04EC0-301F-11D3-BF4B-00C04F79EFBC}") = "MangaLibApi", "MangaLibApi\MangaLibApi.csproj", "{E45AC662-E26A-419E-8B9D-543F2D96EB64}"
EndProject
Global
	GlobalSection(SolutionConfigurationPlatforms) = preSolution
		Debug|Any CPU = Debug|Any CPU
		Release|Any CPU = Release|Any CPU
	EndGlobalSection
	GlobalSection(SolutionProperties) = preSolution
		HideSolutionNode = FALSE
	EndGlobalSection
	GlobalSection(ProjectConfigurationPlatforms) = postSolution
		{430D98E8-4CE2-4DE6-9A61-3BE9B46EA402}.Debug|Any CPU.ActiveCfg = Debug|Any CPU
		{430D98E8-4CE2-4DE6-9A61-3BE9B46EA402}.Debug|Any CPU.Build.0 = Debug|Any CPU
		{430D98E8-4CE2-4DE6-9A61-3BE9B46EA402}.Release|Any CPU.ActiveCfg = Release|Any CPU
		{430D98E8-4CE2-4DE6-9A61-3BE9B46EA402}.Release|Any CPU.Build.0 = Release|Any CPU
		{9CBEE364-202B-4CFA-BDAF-33C1414B4F0F}.Debug|Any CPU.ActiveCfg = Debug|Any CPU
		{9CBEE364-202B-4CFA-BDAF-33C1414B4F0F}.Debug|Any CPU.Build.0 = Debug|Any CPU
		{9CBEE364-202B-4CFA-BDAF-33C1414B4F0F}.Release|Any CPU.ActiveCfg = Release|Any CPU
		{9CBEE364-202B-4CFA-BDAF-33C1414B4F0F}.Release|Any CPU.Build.0 = Release|Any CPU
		{FEA7058B-9777-48C7-B7D9-1E1A7B4475B8}.Debug|Any CPU.ActiveCfg = Debug|Any CPU
		{FEA7058B-9777-48C7-B7D9-1E1A7B4475B8}.Debug|Any CPU.Build.0 = Debug|Any CPU
		{FEA7058B-9777-48C7-B7D9-1E1A7B4475B8}.Release|Any CPU.ActiveCfg = Release|Any CPU
		{FEA7058B-9777-48C7-B7D9-1E1A7B4475B8}.Release|Any CPU.Build.0 = Release|Any CPU
		{E45AC662-E26A-419E-8B9D-543F2D96EB64}.Debug|Any CPU.ActiveCfg = Debug|Any CPU
		{E45AC662-E26A-419E-8B9D-543F2D96EB64}.Debug|Any CPU.Build.0 = Debug|Any CPU
		{E45AC662-E26A-419E-8B9D-543F2D96EB64}.Release|Any CPU.ActiveCfg = Release|Any CPU
		{E45AC662-E26A-419E-8B9D-543F2D96EB64}.Release|Any CPU.Build.0 = Release|Any CPU
	EndGlobalSection
EndGlobal
